
Microsoft Visual Studio Solution File, Format Version 12.00
# Visual Studio Version 17
VisualStudioVersion = 17.11.35327.3
MinimumVisualStudioVersion = 10.0.40219.1
Project("{2150E333-8FDC-42A3-9474-1A3956D46DE8}") = "CMakePredefinedTargets", "CMakePredefinedTargets", "{268080DB-8FA0-3AD6-BAA3-D737D7D69909}"
EndProject
Project("{2150E333-8FDC-42A3-9474-1A3956D46DE8}") = "External", "External", "{695006A6-EDF0-3B41-A3EC-E7A84F444A5E}"
EndProject
Project("{2150E333-8FDC-42A3-9474-1A3956D46DE8}") = "Internal", "Internal", "{6DF92208-544E-3ABB-8677-14728527D0DF}"
EndProject
Project("{2150E333-8FDC-42A3-9474-1A3956D46DE8}") = "Utils", "Utils", "{0ECAA430-98FB-31BD-87D6-F92470DEEE3D}"
EndProject
Project("{8BC9CEB8-8B4A-11D0-8D11-00A0C91BC942}") = "PruebaDiego", "PruebaDiego.vcxproj", "{D10B5724-0E54-3341-9216-F52B5A0F7D8E}"
	ProjectSection(ProjectDependencies) = postProject
		{FEFA90CA-377E-3D0F-A4D5-CFA582CB7A55} = {FEFA90CA-377E-3D0F-A4D5-CFA582CB7A55}
		{6A17F287-F660-3F8B-8D88-7D442493F143} = {6A17F287-F660-3F8B-8D88-7D442493F143}
		{576DBDF4-5E15-3325-AB59-DD38B85DDD3D} = {576DBDF4-5E15-3325-AB59-DD38B85DDD3D}
		{756D15AF-59BA-3929-A2D4-D562085D3E47} = {756D15AF-59BA-3929-A2D4-D562085D3E47}
		{74A8181E-2F92-383B-979A-319EA973FB7A} = {74A8181E-2F92-383B-979A-319EA973FB7A}
		{DB6CDAB4-1935-3944-8A38-D1699953C08E} = {DB6CDAB4-1935-3944-8A38-D1699953C08E}
		{3F4AC329-ED03-3E81-9C49-4732BDB03C90} = {3F4AC329-ED03-3E81-9C49-4732BDB03C90}
		{A6F4176A-67B5-3D0D-9DC9-457E295C67EC} = {A6F4176A-67B5-3D0D-9DC9-457E295C67EC}
		{0958797B-106F-3B7F-85DB-954E84A903EB} = {0958797B-106F-3B7F-85DB-954E84A903EB}
		{68439073-2C11-30E3-AAAC-3CBA1D52DC3D} = {68439073-2C11-30E3-AAAC-3CBA1D52DC3D}
		{4288224F-D187-3A3F-9F9E-E81DECF2485E} = {4288224F-D187-3A3F-9F9E-E81DECF2485E}
		{C34EDC2C-1D0A-319E-9F4A-312210CF214D} = {C34EDC2C-1D0A-319E-9F4A-312210CF214D}
		{36F512BD-81D1-3018-8F81-BDD2C35117CE} = {36F512BD-81D1-3018-8F81-BDD2C35117CE}
		{96438A65-4866-35CB-80B2-F6E556623B28} = {96438A65-4866-35CB-80B2-F6E556623B28}
	EndProjectSection
EndProject
Project("{8BC9CEB8-8B4A-11D0-8D11-00A0C91BC942}") = "SYNC_RESOURCE-PruebaDiego", "SYNC_RESOURCE-PruebaDiego.vcxproj", "{FEFA90CA-377E-3D0F-A4D5-CFA582CB7A55}"
	ProjectSection(ProjectDependencies) = postProject
		{6A17F287-F660-3F8B-8D88-7D442493F143} = {6A17F287-F660-3F8B-8D88-7D442493F143}
	EndProjectSection
EndProject
Project("{8BC9CEB8-8B4A-11D0-8D11-00A0C91BC942}") = "ZERO_CHECK", "ZERO_CHECK.vcxproj", "{6A17F287-F660-3F8B-8D88-7D442493F143}"
EndProject
Project("{8BC9CEB8-8B4A-11D0-8D11-00A0C91BC942}") = "cocos2d", "engine\cocos\core\cocos2d.vcxproj", "{576DBDF4-5E15-3325-AB59-DD38B85DDD3D}"
	ProjectSection(ProjectDependencies) = postProject
		{6A17F287-F660-3F8B-8D88-7D442493F143} = {6A17F287-F660-3F8B-8D88-7D442493F143}
		{756D15AF-59BA-3929-A2D4-D562085D3E47} = {756D15AF-59BA-3929-A2D4-D562085D3E47}
		{74A8181E-2F92-383B-979A-319EA973FB7A} = {74A8181E-2F92-383B-979A-319EA973FB7A}
		{DB6CDAB4-1935-3944-8A38-D1699953C08E} = {DB6CDAB4-1935-3944-8A38-D1699953C08E}
		{3F4AC329-ED03-3E81-9C49-4732BDB03C90} = {3F4AC329-ED03-3E81-9C49-4732BDB03C90}
		{A6F4176A-67B5-3D0D-9DC9-457E295C67EC} = {A6F4176A-67B5-3D0D-9DC9-457E295C67EC}
		{0958797B-106F-3B7F-85DB-954E84A903EB} = {0958797B-106F-3B7F-85DB-954E84A903EB}
		{68439073-2C11-30E3-AAAC-3CBA1D52DC3D} = {68439073-2C11-30E3-AAAC-3CBA1D52DC3D}
		{4288224F-D187-3A3F-9F9E-E81DECF2485E} = {4288224F-D187-3A3F-9F9E-E81DECF2485E}
		{C34EDC2C-1D0A-319E-9F4A-312210CF214D} = {C34EDC2C-1D0A-319E-9F4A-312210CF214D}
		{36F512BD-81D1-3018-8F81-BDD2C35117CE} = {36F512BD-81D1-3018-8F81-BDD2C35117CE}
		{96438A65-4866-35CB-80B2-F6E556623B28} = {96438A65-4866-35CB-80B2-F6E556623B28}
	EndProjectSection
EndProject
Project("{8BC9CEB8-8B4A-11D0-8D11-00A0C91BC942}") = "ext_clipper", "engine\external\clipper\ext_clipper.vcxproj", "{756D15AF-59BA-3929-A2D4-D562085D3E47}"
	ProjectSection(ProjectDependencies) = postProject
		{6A17F287-F660-3F8B-8D88-7D442493F143} = {6A17F287-F660-3F8B-8D88-7D442493F143}
	EndProjectSection
EndProject
Project("{8BC9CEB8-8B4A-11D0-8D11-00A0C91BC942}") = "ext_convertUTF", "engine\external\ConvertUTF\ext_convertUTF.vcxproj", "{74A8181E-2F92-383B-979A-319EA973FB7A}"
	ProjectSection(ProjectDependencies) = postProject
		{6A17F287-F660-3F8B-8D88-7D442493F143} = {6A17F287-F660-3F8B-8D88-7D442493F143}
	EndProjectSection
EndProject
Project("{8BC9CEB8-8B4A-11D0-8D11-00A0C91BC942}") = "ext_edtaa3func", "engine\external\edtaa3func\ext_edtaa3func.vcxproj", "{DB6CDAB4-1935-3944-8A38-D1699953C08E}"
	ProjectSection(ProjectDependencies) = postProject
		{6A17F287-F660-3F8B-8D88-7D442493F143} = {6A17F287-F660-3F8B-8D88-7D442493F143}
	EndProjectSection
EndProject
Project("{8BC9CEB8-8B4A-11D0-8D11-00A0C91BC942}") = "ext_md5", "engine\external\md5\ext_md5.vcxproj", "{3F4AC329-ED03-3E81-9C49-4732BDB03C90}"
	ProjectSection(ProjectDependencies) = postProject
		{6A17F287-F660-3F8B-8D88-7D442493F143} = {6A17F287-F660-3F8B-8D88-7D442493F143}
	EndProjectSection
EndProject
Project("{8BC9CEB8-8B4A-11D0-8D11-00A0C91BC942}") = "ext_poly2tri", "engine\external\poly2tri\ext_poly2tri.vcxproj", "{A6F4176A-67B5-3D0D-9DC9-457E295C67EC}"
	ProjectSection(ProjectDependencies) = postProject
		{6A17F287-F660-3F8B-8D88-7D442493F143} = {6A17F287-F660-3F8B-8D88-7D442493F143}
	EndProjectSection
EndProject
Project("{8BC9CEB8-8B4A-11D0-8D11-00A0C91BC942}") = "ext_recast", "engine\external\recast\ext_recast.vcxproj", "{0958797B-106F-3B7F-85DB-954E84A903EB}"
	ProjectSection(ProjectDependencies) = postProject
		{6A17F287-F660-3F8B-8D88-7D442493F143} = {6A17F287-F660-3F8B-8D88-7D442493F143}
	EndProjectSection
EndProject
Project("{8BC9CEB8-8B4A-11D0-8D11-00A0C91BC942}") = "ext_tinyxml2", "engine\external\tinyxml2\ext_tinyxml2.vcxproj", "{68439073-2C11-30E3-AAAC-3CBA1D52DC3D}"
	ProjectSection(ProjectDependencies) = postProject
		{6A17F287-F660-3F8B-8D88-7D442493F143} = {6A17F287-F660-3F8B-8D88-7D442493F143}
	EndProjectSection
EndProject
Project("{8BC9CEB8-8B4A-11D0-8D11-00A0C91BC942}") = "ext_unzip", "engine\external\unzip\ext_unzip.vcxproj", "{4288224F-D187-3A3F-9F9E-E81DECF2485E}"
	ProjectSection(ProjectDependencies) = postProject
		{6A17F287-F660-3F8B-8D88-7D442493F143} = {6A17F287-F660-3F8B-8D88-7D442493F143}
	EndProjectSection
EndProject
Project("{8BC9CEB8-8B4A-11D0-8D11-00A0C91BC942}") = "ext_xxhash", "engine\external\xxhash\ext_xxhash.vcxproj", "{C34EDC2C-1D0A-319E-9F4A-312210CF214D}"
	ProjectSection(ProjectDependencies) = postProject
		{6A17F287-F660-3F8B-8D88-7D442493F143} = {6A17F287-F660-3F8B-8D88-7D442493F143}
	EndProjectSection
EndProject
Project("{8BC9CEB8-8B4A-11D0-8D11-00A0C91BC942}") = "ext_xxtea", "engine\external\xxtea\ext_xxtea.vcxproj", "{36F512BD-81D1-3018-8F81-BDD2C35117CE}"
	ProjectSection(ProjectDependencies) = postProject
		{6A17F287-F660-3F8B-8D88-7D442493F143} = {6A17F287-F660-3F8B-8D88-7D442493F143}
	EndProjectSection
EndProject
Project("{8BC9CEB8-8B4A-11D0-8D11-00A0C91BC942}") = "external", "engine\external\external.vcxproj", "{96438A65-4866-35CB-80B2-F6E556623B28}"
	ProjectSection(ProjectDependencies) = postProject
		{6A17F287-F660-3F8B-8D88-7D442493F143} = {6A17F287-F660-3F8B-8D88-7D442493F143}
		{756D15AF-59BA-3929-A2D4-D562085D3E47} = {756D15AF-59BA-3929-A2D4-D562085D3E47}
		{74A8181E-2F92-383B-979A-319EA973FB7A} = {74A8181E-2F92-383B-979A-319EA973FB7A}
		{DB6CDAB4-1935-3944-8A38-D1699953C08E} = {DB6CDAB4-1935-3944-8A38-D1699953C08E}
		{3F4AC329-ED03-3E81-9C49-4732BDB03C90} = {3F4AC329-ED03-3E81-9C49-4732BDB03C90}
		{A6F4176A-67B5-3D0D-9DC9-457E295C67EC} = {A6F4176A-67B5-3D0D-9DC9-457E295C67EC}
		{0958797B-106F-3B7F-85DB-954E84A903EB} = {0958797B-106F-3B7F-85DB-954E84A903EB}
		{68439073-2C11-30E3-AAAC-3CBA1D52DC3D} = {68439073-2C11-30E3-AAAC-3CBA1D52DC3D}
		{4288224F-D187-3A3F-9F9E-E81DECF2485E} = {4288224F-D187-3A3F-9F9E-E81DECF2485E}
		{C34EDC2C-1D0A-319E-9F4A-312210CF214D} = {C34EDC2C-1D0A-319E-9F4A-312210CF214D}
		{36F512BD-81D1-3018-8F81-BDD2C35117CE} = {36F512BD-81D1-3018-8F81-BDD2C35117CE}
	EndProjectSection
EndProject
Global
	GlobalSection(SolutionConfigurationPlatforms) = preSolution
		Debug|Win32 = Debug|Win32
		MinSizeRel|Win32 = MinSizeRel|Win32
		Release|Win32 = Release|Win32
		RelWithDebInfo|Win32 = RelWithDebInfo|Win32
	EndGlobalSection
	GlobalSection(ProjectConfigurationPlatforms) = postSolution
		{D10B5724-0E54-3341-9216-F52B5A0F7D8E}.Debug|Win32.ActiveCfg = Debug|Win32
		{D10B5724-0E54-3341-9216-F52B5A0F7D8E}.Debug|Win32.Build.0 = Debug|Win32
		{D10B5724-0E54-3341-9216-F52B5A0F7D8E}.MinSizeRel|Win32.ActiveCfg = MinSizeRel|Win32
		{D10B5724-0E54-3341-9216-F52B5A0F7D8E}.MinSizeRel|Win32.Build.0 = MinSizeRel|Win32
		{D10B5724-0E54-3341-9216-F52B5A0F7D8E}.Release|Win32.ActiveCfg = Release|Win32
		{D10B5724-0E54-3341-9216-F52B5A0F7D8E}.Release|Win32.Build.0 = Release|Win32
		{D10B5724-0E54-3341-9216-F52B5A0F7D8E}.RelWithDebInfo|Win32.ActiveCfg = RelWithDebInfo|Win32
		{D10B5724-0E54-3341-9216-F52B5A0F7D8E}.RelWithDebInfo|Win32.Build.0 = RelWithDebInfo|Win32
		{FEFA90CA-377E-3D0F-A4D5-CFA582CB7A55}.Debug|Win32.ActiveCfg = Debug|Win32
		{FEFA90CA-377E-3D0F-A4D5-CFA582CB7A55}.Debug|Win32.Build.0 = Debug|Win32
		{FEFA90CA-377E-3D0F-A4D5-CFA582CB7A55}.MinSizeRel|Win32.ActiveCfg = MinSizeRel|Win32
		{FEFA90CA-377E-3D0F-A4D5-CFA582CB7A55}.MinSizeRel|Win32.Build.0 = MinSizeRel|Win32
		{FEFA90CA-377E-3D0F-A4D5-CFA582CB7A55}.Release|Win32.ActiveCfg = Release|Win32
		{FEFA90CA-377E-3D0F-A4D5-CFA582CB7A55}.Release|Win32.Build.0 = Release|Win32
		{FEFA90CA-377E-3D0F-A4D5-CFA582CB7A55}.RelWithDebInfo|Win32.ActiveCfg = RelWithDebInfo|Win32
		{FEFA90CA-377E-3D0F-A4D5-CFA582CB7A55}.RelWithDebInfo|Win32.Build.0 = RelWithDebInfo|Win32
		{6A17F287-F660-3F8B-8D88-7D442493F143}.Debug|Win32.ActiveCfg = Debug|Win32
		{6A17F287-F660-3F8B-8D88-7D442493F143}.Debug|Win32.Build.0 = Debug|Win32
		{6A17F287-F660-3F8B-8D88-7D442493F143}.MinSizeRel|Win32.ActiveCfg = MinSizeRel|Win32
		{6A17F287-F660-3F8B-8D88-7D442493F143}.MinSizeRel|Win32.Build.0 = MinSizeRel|Win32
		{6A17F287-F660-3F8B-8D88-7D442493F143}.Release|Win32.ActiveCfg = Release|Win32
		{6A17F287-F660-3F8B-8D88-7D442493F143}.Release|Win32.Build.0 = Release|Win32
		{6A17F287-F660-3F8B-8D88-7D442493F143}.RelWithDebInfo|Win32.ActiveCfg = RelWithDebInfo|Win32
		{6A17F287-F660-3F8B-8D88-7D442493F143}.RelWithDebInfo|Win32.Build.0 = RelWithDebInfo|Win32
		{576DBDF4-5E15-3325-AB59-DD38B85DDD3D}.Debug|Win32.ActiveCfg = Debug|Win32
		{576DBDF4-5E15-3325-AB59-DD38B85DDD3D}.Debug|Win32.Build.0 = Debug|Win32
		{576DBDF4-5E15-3325-AB59-DD38B85DDD3D}.MinSizeRel|Win32.ActiveCfg = MinSizeRel|Win32
		{576DBDF4-5E15-3325-AB59-DD38B85DDD3D}.MinSizeRel|Win32.Build.0 = MinSizeRel|Win32
		{576DBDF4-5E15-3325-AB59-DD38B85DDD3D}.Release|Win32.ActiveCfg = Release|Win32
		{576DBDF4-5E15-3325-AB59-DD38B85DDD3D}.Release|Win32.Build.0 = Release|Win32
		{576DBDF4-5E15-3325-AB59-DD38B85DDD3D}.RelWithDebInfo|Win32.ActiveCfg = RelWithDebInfo|Win32
		{576DBDF4-5E15-3325-AB59-DD38B85DDD3D}.RelWithDebInfo|Win32.Build.0 = RelWithDebInfo|Win32
		{756D15AF-59BA-3929-A2D4-D562085D3E47}.Debug|Win32.ActiveCfg = Debug|Win32
		{756D15AF-59BA-3929-A2D4-D562085D3E47}.Debug|Win32.Build.0 = Debug|Win32
		{756D15AF-59BA-3929-A2D4-D562085D3E47}.MinSizeRel|Win32.ActiveCfg = MinSizeRel|Win32
		{756D15AF-59BA-3929-A2D4-D562085D3E47}.MinSizeRel|Win32.Build.0 = MinSizeRel|Win32
		{756D15AF-59BA-3929-A2D4-D562085D3E47}.Release|Win32.ActiveCfg = Release|Win32
		{756D15AF-59BA-3929-A2D4-D562085D3E47}.Release|Win32.Build.0 = Release|Win32
		{756D15AF-59BA-3929-A2D4-D562085D3E47}.RelWithDebInfo|Win32.ActiveCfg = RelWithDebInfo|Win32
		{756D15AF-59BA-3929-A2D4-D562085D3E47}.RelWithDebInfo|Win32.Build.0 = RelWithDebInfo|Win32
		{74A8181E-2F92-383B-979A-319EA973FB7A}.Debug|Win32.ActiveCfg = Debug|Win32
		{74A8181E-2F92-383B-979A-319EA973FB7A}.Debug|Win32.Build.0 = Debug|Win32
		{74A8181E-2F92-383B-979A-319EA973FB7A}.MinSizeRel|Win32.ActiveCfg = MinSizeRel|Win32
		{74A8181E-2F92-383B-979A-319EA973FB7A}.MinSizeRel|Win32.Build.0 = MinSizeRel|Win32
		{74A8181E-2F92-383B-979A-319EA973FB7A}.Release|Win32.ActiveCfg = Release|Win32
		{74A8181E-2F92-383B-979A-319EA973FB7A}.Release|Win32.Build.0 = Release|Win32
		{74A8181E-2F92-383B-979A-319EA973FB7A}.RelWithDebInfo|Win32.ActiveCfg = RelWithDebInfo|Win32
		{74A8181E-2F92-383B-979A-319EA973FB7A}.RelWithDebInfo|Win32.Build.0 = RelWithDebInfo|Win32
		{DB6CDAB4-1935-3944-8A38-D1699953C08E}.Debug|Win32.ActiveCfg = Debug|Win32
		{DB6CDAB4-1935-3944-8A38-D1699953C08E}.Debug|Win32.Build.0 = Debug|Win32
		{DB6CDAB4-1935-3944-8A38-D1699953C08E}.MinSizeRel|Win32.ActiveCfg = MinSizeRel|Win32
		{DB6CDAB4-1935-3944-8A38-D1699953C08E}.MinSizeRel|Win32.Build.0 = MinSizeRel|Win32
		{DB6CDAB4-1935-3944-8A38-D1699953C08E}.Release|Win32.ActiveCfg = Release|Win32
		{DB6CDAB4-1935-3944-8A38-D1699953C08E}.Release|Win32.Build.0 = Release|Win32
		{DB6CDAB4-1935-3944-8A38-D1699953C08E}.RelWithDebInfo|Win32.ActiveCfg = RelWithDebInfo|Win32
		{DB6CDAB4-1935-3944-8A38-D1699953C08E}.RelWithDebInfo|Win32.Build.0 = RelWithDebInfo|Win32
		{3F4AC329-ED03-3E81-9C49-4732BDB03C90}.Debug|Win32.ActiveCfg = Debug|Win32
		{3F4AC329-ED03-3E81-9C49-4732BDB03C90}.Debug|Win32.Build.0 = Debug|Win32
		{3F4AC329-ED03-3E81-9C49-4732BDB03C90}.MinSizeRel|Win32.ActiveCfg = MinSizeRel|Win32
		{3F4AC329-ED03-3E81-9C49-4732BDB03C90}.MinSizeRel|Win32.Build.0 = MinSizeRel|Win32
		{3F4AC329-ED03-3E81-9C49-4732BDB03C90}.Release|Win32.ActiveCfg = Release|Win32
		{3F4AC329-ED03-3E81-9C49-4732BDB03C90}.Release|Win32.Build.0 = Release|Win32
		{3F4AC329-ED03-3E81-9C49-4732BDB03C90}.RelWithDebInfo|Win32.ActiveCfg = RelWithDebInfo|Win32
		{3F4AC329-ED03-3E81-9C49-4732BDB03C90}.RelWithDebInfo|Win32.Build.0 = RelWithDebInfo|Win32
		{A6F4176A-67B5-3D0D-9DC9-457E295C67EC}.Debug|Win32.ActiveCfg = Debug|Win32
		{A6F4176A-67B5-3D0D-9DC9-457E295C67EC}.Debug|Win32.Build.0 = Debug|Win32
		{A6F4176A-67B5-3D0D-9DC9-457E295C67EC}.MinSizeRel|Win32.ActiveCfg = MinSizeRel|Win32
		{A6F4176A-67B5-3D0D-9DC9-457E295C67EC}.MinSizeRel|Win32.Build.0 = MinSizeRel|Win32
		{A6F4176A-67B5-3D0D-9DC9-457E295C67EC}.Release|Win32.ActiveCfg = Release|Win32
		{A6F4176A-67B5-3D0D-9DC9-457E295C67EC}.Release|Win32.Build.0 = Release|Win32
		{A6F4176A-67B5-3D0D-9DC9-457E295C67EC}.RelWithDebInfo|Win32.ActiveCfg = RelWithDebInfo|Win32
		{A6F4176A-67B5-3D0D-9DC9-457E295C67EC}.RelWithDebInfo|Win32.Build.0 = RelWithDebInfo|Win32
		{0958797B-106F-3B7F-85DB-954E84A903EB}.Debug|Win32.ActiveCfg = Debug|Win32
		{0958797B-106F-3B7F-85DB-954E84A903EB}.Debug|Win32.Build.0 = Debug|Win32
		{0958797B-106F-3B7F-85DB-954E84A903EB}.MinSizeRel|Win32.ActiveCfg = MinSizeRel|Win32
		{0958797B-106F-3B7F-85DB-954E84A903EB}.MinSizeRel|Win32.Build.0 = MinSizeRel|Win32
		{0958797B-106F-3B7F-85DB-954E84A903EB}.Release|Win32.ActiveCfg = Release|Win32
		{0958797B-106F-3B7F-85DB-954E84A903EB}.Release|Win32.Build.0 = Release|Win32
		{0958797B-106F-3B7F-85DB-954E84A903EB}.RelWithDebInfo|Win32.ActiveCfg = RelWithDebInfo|Win32
		{0958797B-106F-3B7F-85DB-954E84A903EB}.RelWithDebInfo|Win32.Build.0 = RelWithDebInfo|Win32
		{68439073-2C11-30E3-AAAC-3CBA1D52DC3D}.Debug|Win32.ActiveCfg = Debug|Win32
		{68439073-2C11-30E3-AAAC-3CBA1D52DC3D}.Debug|Win32.Build.0 = Debug|Win32
		{68439073-2C11-30E3-AAAC-3CBA1D52DC3D}.MinSizeRel|Win32.ActiveCfg = MinSizeRel|Win32
		{68439073-2C11-30E3-AAAC-3CBA1D52DC3D}.MinSizeRel|Win32.Build.0 = MinSizeRel|Win32
		{68439073-2C11-30E3-AAAC-3CBA1D52DC3D}.Release|Win32.ActiveCfg = Release|Win32
		{68439073-2C11-30E3-AAAC-3CBA1D52DC3D}.Release|Win32.Build.0 = Release|Win32
		{68439073-2C11-30E3-AAAC-3CBA1D52DC3D}.RelWithDebInfo|Win32.ActiveCfg = RelWithDebInfo|Win32
		{68439073-2C11-30E3-AAAC-3CBA1D52DC3D}.RelWithDebInfo|Win32.Build.0 = RelWithDebInfo|Win32
		{4288224F-D187-3A3F-9F9E-E81DECF2485E}.Debug|Win32.ActiveCfg = Debug|Win32
		{4288224F-D187-3A3F-9F9E-E81DECF2485E}.Debug|Win32.Build.0 = Debug|Win32
		{4288224F-D187-3A3F-9F9E-E81DECF2485E}.MinSizeRel|Win32.ActiveCfg = MinSizeRel|Win32
		{4288224F-D187-3A3F-9F9E-E81DECF2485E}.MinSizeRel|Win32.Build.0 = MinSizeRel|Win32
		{4288224F-D187-3A3F-9F9E-E81DECF2485E}.Release|Win32.ActiveCfg = Release|Win32
		{4288224F-D187-3A3F-9F9E-E81DECF2485E}.Release|Win32.Build.0 = Release|Win32
		{4288224F-D187-3A3F-9F9E-E81DECF2485E}.RelWithDebInfo|Win32.ActiveCfg = RelWithDebInfo|Win32
		{4288224F-D187-3A3F-9F9E-E81DECF2485E}.RelWithDebInfo|Win32.Build.0 = RelWithDebInfo|Win32
		{C34EDC2C-1D0A-319E-9F4A-312210CF214D}.Debug|Win32.ActiveCfg = Debug|Win32
		{C34EDC2C-1D0A-319E-9F4A-312210CF214D}.Debug|Win32.Build.0 = Debug|Win32
		{C34EDC2C-1D0A-319E-9F4A-312210CF214D}.MinSizeRel|Win32.ActiveCfg = MinSizeRel|Win32
		{C34EDC2C-1D0A-319E-9F4A-312210CF214D}.MinSizeRel|Win32.Build.0 = MinSizeRel|Win32
		{C34EDC2C-1D0A-319E-9F4A-312210CF214D}.Release|Win32.ActiveCfg = Release|Win32
		{C34EDC2C-1D0A-319E-9F4A-312210CF214D}.Release|Win32.Build.0 = Release|Win32
		{C34EDC2C-1D0A-319E-9F4A-312210CF214D}.RelWithDebInfo|Win32.ActiveCfg = RelWithDebInfo|Win32
		{C34EDC2C-1D0A-319E-9F4A-312210CF214D}.RelWithDebInfo|Win32.Build.0 = RelWithDebInfo|Win32
		{36F512BD-81D1-3018-8F81-BDD2C35117CE}.Debug|Win32.ActiveCfg = Debug|Win32
		{36F512BD-81D1-3018-8F81-BDD2C35117CE}.Debug|Win32.Build.0 = Debug|Win32
		{36F512BD-81D1-3018-8F81-BDD2C35117CE}.MinSizeRel|Win32.ActiveCfg = MinSizeRel|Win32
		{36F512BD-81D1-3018-8F81-BDD2C35117CE}.MinSizeRel|Win32.Build.0 = MinSizeRel|Win32
		{36F512BD-81D1-3018-8F81-BDD2C35117CE}.Release|Win32.ActiveCfg = Release|Win32
		{36F512BD-81D1-3018-8F81-BDD2C35117CE}.Release|Win32.Build.0 = Release|Win32
		{36F512BD-81D1-3018-8F81-BDD2C35117CE}.RelWithDebInfo|Win32.ActiveCfg = RelWithDebInfo|Win32
		{36F512BD-81D1-3018-8F81-BDD2C35117CE}.RelWithDebInfo|Win32.Build.0 = RelWithDebInfo|Win32
		{96438A65-4866-35CB-80B2-F6E556623B28}.Debug|Win32.ActiveCfg = Debug|Win32
		{96438A65-4866-35CB-80B2-F6E556623B28}.Debug|Win32.Build.0 = Debug|Win32
		{96438A65-4866-35CB-80B2-F6E556623B28}.MinSizeRel|Win32.ActiveCfg = MinSizeRel|Win32
		{96438A65-4866-35CB-80B2-F6E556623B28}.MinSizeRel|Win32.Build.0 = MinSizeRel|Win32
		{96438A65-4866-35CB-80B2-F6E556623B28}.Release|Win32.ActiveCfg = Release|Win32
		{96438A65-4866-35CB-80B2-F6E556623B28}.Release|Win32.Build.0 = Release|Win32
		{96438A65-4866-35CB-80B2-F6E556623B28}.RelWithDebInfo|Win32.ActiveCfg = RelWithDebInfo|Win32
		{96438A65-4866-35CB-80B2-F6E556623B28}.RelWithDebInfo|Win32.Build.0 = RelWithDebInfo|Win32
	EndGlobalSection
	GlobalSection(SolutionProperties) = preSolution
		HideSolutionNode = FALSE
	EndGlobalSection
	GlobalSection(NestedProjects) = preSolution
		{268080DB-8FA0-3AD6-BAA3-D737D7D69909} = {695006A6-EDF0-3B41-A3EC-E7A84F444A5E}
		{FEFA90CA-377E-3D0F-A4D5-CFA582CB7A55} = {0ECAA430-98FB-31BD-87D6-F92470DEEE3D}
		{6A17F287-F660-3F8B-8D88-7D442493F143} = {268080DB-8FA0-3AD6-BAA3-D737D7D69909}
		{576DBDF4-5E15-3325-AB59-DD38B85DDD3D} = {6DF92208-544E-3ABB-8677-14728527D0DF}
		{756D15AF-59BA-3929-A2D4-D562085D3E47} = {695006A6-EDF0-3B41-A3EC-E7A84F444A5E}
		{74A8181E-2F92-383B-979A-319EA973FB7A} = {695006A6-EDF0-3B41-A3EC-E7A84F444A5E}
		{DB6CDAB4-1935-3944-8A38-D1699953C08E} = {695006A6-EDF0-3B41-A3EC-E7A84F444A5E}
		{3F4AC329-ED03-3E81-9C49-4732BDB03C90} = {695006A6-EDF0-3B41-A3EC-E7A84F444A5E}
		{A6F4176A-67B5-3D0D-9DC9-457E295C67EC} = {695006A6-EDF0-3B41-A3EC-E7A84F444A5E}
		{0958797B-106F-3B7F-85DB-954E84A903EB} = {695006A6-EDF0-3B41-A3EC-E7A84F444A5E}
		{68439073-2C11-30E3-AAAC-3CBA1D52DC3D} = {695006A6-EDF0-3B41-A3EC-E7A84F444A5E}
		{4288224F-D187-3A3F-9F9E-E81DECF2485E} = {695006A6-EDF0-3B41-A3EC-E7A84F444A5E}
		{C34EDC2C-1D0A-319E-9F4A-312210CF214D} = {695006A6-EDF0-3B41-A3EC-E7A84F444A5E}
		{36F512BD-81D1-3018-8F81-BDD2C35117CE} = {695006A6-EDF0-3B41-A3EC-E7A84F444A5E}
		{96438A65-4866-35CB-80B2-F6E556623B28} = {695006A6-EDF0-3B41-A3EC-E7A84F444A5E}
	EndGlobalSection
	GlobalSection(ExtensibilityGlobals) = postSolution
		SolutionGuid = {7F6BE52D-CC07-3CA7-93F5-2850C20D5073}
	EndGlobalSection
EndGlobal
